
Microsoft Visual Studio Solution File, Format Version 12.00
# Visual Studio Version 16
VisualStudioVersion = 16.0.31005.135
MinimumVisualStudioVersion = 10.0.40219.1
Project("{FAE04EC0-301F-11D3-BF4B-00C04F79EFBC}") = "WeatherAppClient", "WeatherAppClient\WeatherAppClient.csproj", "{0D365FBD-92BA-45F4-838B-7346A6E25875}"
EndProject
Global
	GlobalSection(SolutionConfigurationPlatforms) = preSolution
		Debug|Any CPU = Debug|Any CPU
		Release|Any CPU = Release|Any CPU
	EndGlobalSection
	GlobalSection(ProjectConfigurationPlatforms) = postSolution
		{0D365FBD-92BA-45F4-838B-7346A6E25875}.Debug|Any CPU.ActiveCfg = Debug|Any CPU
		{0D365FBD-92BA-45F4-838B-7346A6E25875}.Debug|Any CPU.Build.0 = Debug|Any CPU
		{0D365FBD-92BA-45F4-838B-7346A6E25875}.Release|Any CPU.ActiveCfg = Release|Any CPU
		{0D365FBD-92BA-45F4-838B-7346A6E25875}.Release|Any CPU.Build.0 = Release|Any CPU
	EndGlobalSection
	GlobalSection(SolutionProperties) = preSolution
		HideSolutionNode = FALSE
	EndGlobalSection
	GlobalSection(ExtensibilityGlobals) = postSolution
		SolutionGuid = {14DAAFFD-B3C8-4433-8B19-2822C98D873F}
	EndGlobalSection
EndGlobal
